
Microsoft Visual Studio Solution File, Format Version 12.00
# Visual Studio Version 16
VisualStudioVersion = 16.0.30804.86
MinimumVisualStudioVersion = 10.0.40219.1
Project("{9A19103F-16F7-4668-BE54-9A1E7A4F7556}") = "DataMicroservice", "DataMicroservice\DataMicroservice.csproj", "{E5D42C38-5DAE-4B6E-9F4A-A88D74F250D8}"
EndProject
Project("{9A19103F-16F7-4668-BE54-9A1E7A4F7556}") = "HighTempAndHumiditySensorMS", "HighTempAndHumiditySensorMS\HighTempAndHumiditySensorMS.csproj", "{AAE9DF16-CE85-4168-B3AF-3F7D4798990A}"
EndProject
Project("{9A19103F-16F7-4668-BE54-9A1E7A4F7556}") = "StableConditionsSensorMS", "StableConditionsSensorMS\StableConditionsSensorMS.csproj", "{5A3857A0-D543-4358-9EA8-640B6D9E239D}"
EndProject
Project("{E53339B2-1760-4266-BCC7-CA923CBCF16C}") = "docker-compose", "docker-compose.dcproj", "{7237DABB-E33A-4203-B383-E91E55B2AD39}"
EndProject
Project("{9A19103F-16F7-4668-BE54-9A1E7A4F7556}") = "CommandMicroservice", "CommandMicroservice\CommandMicroservice.csproj", "{66D9DAA2-E8A6-492F-9CEB-6E0F6500A4B4}"
EndProject
Project("{9A19103F-16F7-4668-BE54-9A1E7A4F7556}") = "APIGateway", "APIGateway\APIGateway.csproj", "{CD6D0673-FD44-4787-938F-773D245DC3EB}"
EndProject
Global
	GlobalSection(SolutionConfigurationPlatforms) = preSolution
		Debug|Any CPU = Debug|Any CPU
		Release|Any CPU = Release|Any CPU
	EndGlobalSection
	GlobalSection(ProjectConfigurationPlatforms) = postSolution
		{E5D42C38-5DAE-4B6E-9F4A-A88D74F250D8}.Debug|Any CPU.ActiveCfg = Debug|Any CPU
		{E5D42C38-5DAE-4B6E-9F4A-A88D74F250D8}.Debug|Any CPU.Build.0 = Debug|Any CPU
		{E5D42C38-5DAE-4B6E-9F4A-A88D74F250D8}.Release|Any CPU.ActiveCfg = Release|Any CPU
		{E5D42C38-5DAE-4B6E-9F4A-A88D74F250D8}.Release|Any CPU.Build.0 = Release|Any CPU
		{AAE9DF16-CE85-4168-B3AF-3F7D4798990A}.Debug|Any CPU.ActiveCfg = Debug|Any CPU
		{AAE9DF16-CE85-4168-B3AF-3F7D4798990A}.Debug|Any CPU.Build.0 = Debug|Any CPU
		{AAE9DF16-CE85-4168-B3AF-3F7D4798990A}.Release|Any CPU.ActiveCfg = Release|Any CPU
		{AAE9DF16-CE85-4168-B3AF-3F7D4798990A}.Release|Any CPU.Build.0 = Release|Any CPU
		{5A3857A0-D543-4358-9EA8-640B6D9E239D}.Debug|Any CPU.ActiveCfg = Debug|Any CPU
		{5A3857A0-D543-4358-9EA8-640B6D9E239D}.Debug|Any CPU.Build.0 = Debug|Any CPU
		{5A3857A0-D543-4358-9EA8-640B6D9E239D}.Release|Any CPU.ActiveCfg = Release|Any CPU
		{5A3857A0-D543-4358-9EA8-640B6D9E239D}.Release|Any CPU.Build.0 = Release|Any CPU
		{7237DABB-E33A-4203-B383-E91E55B2AD39}.Debug|Any CPU.ActiveCfg = Debug|Any CPU
		{7237DABB-E33A-4203-B383-E91E55B2AD39}.Debug|Any CPU.Build.0 = Debug|Any CPU
		{7237DABB-E33A-4203-B383-E91E55B2AD39}.Release|Any CPU.ActiveCfg = Release|Any CPU
		{7237DABB-E33A-4203-B383-E91E55B2AD39}.Release|Any CPU.Build.0 = Release|Any CPU
		{66D9DAA2-E8A6-492F-9CEB-6E0F6500A4B4}.Debug|Any CPU.ActiveCfg = Debug|Any CPU
		{66D9DAA2-E8A6-492F-9CEB-6E0F6500A4B4}.Debug|Any CPU.Build.0 = Debug|Any CPU
		{66D9DAA2-E8A6-492F-9CEB-6E0F6500A4B4}.Release|Any CPU.ActiveCfg = Release|Any CPU
		{66D9DAA2-E8A6-492F-9CEB-6E0F6500A4B4}.Release|Any CPU.Build.0 = Release|Any CPU
		{CD6D0673-FD44-4787-938F-773D245DC3EB}.Debug|Any CPU.ActiveCfg = Debug|Any CPU
		{CD6D0673-FD44-4787-938F-773D245DC3EB}.Debug|Any CPU.Build.0 = Debug|Any CPU
		{CD6D0673-FD44-4787-938F-773D245DC3EB}.Release|Any CPU.ActiveCfg = Release|Any CPU
		{CD6D0673-FD44-4787-938F-773D245DC3EB}.Release|Any CPU.Build.0 = Release|Any CPU
	EndGlobalSection
	GlobalSection(SolutionProperties) = preSolution
		HideSolutionNode = FALSE
	EndGlobalSection
	GlobalSection(ExtensibilityGlobals) = postSolution
		SolutionGuid = {CDA054CF-040D-425E-9252-0014AD264A86}
	EndGlobalSection
EndGlobal
